// !$*UTF8*$!
{
	archiveVersion = 1;
	classes = {
	};
	objectVersion = 48;
	objects = {

/* Begin PBXBuildFile section */
		D8BFF36621BF13770067E9AB /* main.c in Sources */ = {isa = PBXBuildFile; fileRef = D8BFF36521BF13770067E9AB /* main.c */; };
		D8BFF37121BF149E0067E9AB /* encryptutil.c in Sources */ = {isa = PBXBuildFile; fileRef = D8BFF36C21BF149D0067E9AB /* encryptutil.c */; };
		D8BFF37221BF149E0067E9AB /* main.c in Sources */ = {isa = PBXBuildFile; fileRef = D8BFF36D21BF149D0067E9AB /* main.c */; };
		D8BFF37321BF149E0067E9AB /* generateplain.c in Sources */ = {isa = PBXBuildFile; fileRef = D8BFF36E21BF149E0067E9AB /* generateplain.c */; };
		D8BFF37421BF149E0067E9AB /* threadlock.c in Sources */ = {isa = PBXBuildFile; fileRef = D8BFF36F21BF149E0067E9AB /* threadlock.c */; };
		D8BFF37521BF149E0067E9AB /* generatekey.c in Sources */ = {isa = PBXBuildFile; fileRef = D8BFF37021BF149E0067E9AB /* generatekey.c */; };
/* End PBXBuildFile section */

/* Begin PBXCopyFilesBuildPhase section */
		D8BFF36021BF13770067E9AB /* CopyFiles */ = {
			isa = PBXCopyFilesBuildPhase;
			buildActionMask = 2147483647;
			dstPath = /usr/share/man/man1/;
			dstSubfolderSpec = 0;
			files = (
			);
			runOnlyForDeploymentPostprocessing = 1;
		};
/* End PBXCopyFilesBuildPhase section */

/* Begin PBXFileReference section */
		D8BFF36221BF13770067E9AB /* other */ = {isa = PBXFileReference; explicitFileType = "compiled.mach-o.executable"; includeInIndex = 0; path = other; sourceTree = BUILT_PRODUCTS_DIR; };
		D8BFF36521BF13770067E9AB /* main.c */ = {isa = PBXFileReference; lastKnownFileType = sourcecode.c.c; path = main.c; sourceTree = "<group>"; };
		D8BFF36C21BF149D0067E9AB /* encryptutil.c */ = {isa = PBXFileReference; fileEncoding = 4; lastKnownFileType = sourcecode.c.c; path = encryptutil.c; sourceTree = "<group>"; };
		D8BFF36D21BF149D0067E9AB /* main.c */ = {isa = PBXFileReference; fileEncoding = 4; lastKnownFileType = sourcecode.c.c; path = main.c; sourceTree = "<group>"; };
		D8BFF36E21BF149E0067E9AB /* generateplain.c */ = {isa = PBXFileReference; fileEncoding = 4; lastKnownFileType = sourcecode.c.c; path = generateplain.c; sourceTree = "<group>"; };
		D8BFF36F21BF149E0067E9AB /* threadlock.c */ = {isa = PBXFileReference; fileEncoding = 4; lastKnownFileType = sourcecode.c.c; path = threadlock.c; sourceTree = "<group>"; };
		D8BFF37021BF149E0067E9AB /* generatekey.c */ = {isa = PBXFileReference; fileEncoding = 4; lastKnownFileType = sourcecode.c.c; path = generatekey.c; sourceTree = "<group>"; };
/* End PBXFileReference section */

/* Begin PBXFrameworksBuildPhase section */
		D8BFF35F21BF13770067E9AB /* Frameworks */ = {
			isa = PBXFrameworksBuildPhase;
			buildActionMask = 2147483647;
			files = (
			);
			runOnlyForDeploymentPostprocessing = 0;
		};
/* End PBXFrameworksBuildPhase section */

/* Begin PBXGroup section */
		D8BFF35921BF13770067E9AB = {
			isa = PBXGroup;
			children = (
				D8BFF36421BF13770067E9AB /* other */,
				D8BFF36321BF13770067E9AB /* Products */,
			);
			sourceTree = "<group>";
		};
		D8BFF36321BF13770067E9AB /* Products */ = {
			isa = PBXGroup;
			children = (
				D8BFF36221BF13770067E9AB /* other */,
			);
			name = Products;
			sourceTree = "<group>";
		};
		D8BFF36421BF13770067E9AB /* other */ = {
			isa = PBXGroup;
			children = (
				D8BFF36C21BF149D0067E9AB /* encryptutil.c */,
				D8BFF37021BF149E0067E9AB /* generatekey.c */,
				D8BFF36E21BF149E0067E9AB /* generateplain.c */,
				D8BFF36D21BF149D0067E9AB /* main.c */,
				D8BFF36F21BF149E0067E9AB /* threadlock.c */,
				D8BFF36521BF13770067E9AB /* main.c */,
			);
			path = other;
			sourceTree = "<group>";
		};
/* End PBXGroup section */

/* Begin PBXNativeTarget section */
		D8BFF36121BF13770067E9AB /* other */ = {
			isa = PBXNativeTarget;
			buildConfigurationList = D8BFF36921BF13770067E9AB /* Build configuration list for PBXNativeTarget "other" */;
			buildPhases = (
				D8BFF35E21BF13770067E9AB /* Sources */,
				D8BFF35F21BF13770067E9AB /* Frameworks */,
				D8BFF36021BF13770067E9AB /* CopyFiles */,
			);
			buildRules = (
			);
			dependencies = (
			);
			name = other;
			productName = other;
			productReference = D8BFF36221BF13770067E9AB /* other */;
			productType = "com.apple.product-type.tool";
		};
/* End PBXNativeTarget section */

/* Begin PBXProject section */
		D8BFF35A21BF13770067E9AB /* Project object */ = {
			isa = PBXProject;
			attributes = {
				LastUpgradeCheck = 0920;
				ORGANIZATIONNAME = "Adarsh Joseph";
				TargetAttributes = {
					D8BFF36121BF13770067E9AB = {
						CreatedOnToolsVersion = 9.2;
						ProvisioningStyle = Automatic;
					};
				};
			};
			buildConfigurationList = D8BFF35D21BF13770067E9AB /* Build configuration list for PBXProject "other" */;
			compatibilityVersion = "Xcode 8.0";
			developmentRegion = en;
			hasScannedForEncodings = 0;
			knownRegions = (
				en,
			);
			mainGroup = D8BFF35921BF13770067E9AB;
			productRefGroup = D8BFF36321BF13770067E9AB /* Products */;
			projectDirPath = "";
			projectRoot = "";
			targets = (
				D8BFF36121BF13770067E9AB /* other */,
			);
		};
/* End PBXProject section */

/* Begin PBXSourcesBuildPhase section */
		D8BFF35E21BF13770067E9AB /* Sources */ = {
			isa = PBXSourcesBuildPhase;
			buildActionMask = 2147483647;
			files = (
				D8BFF37421BF149E0067E9AB /* threadlock.c in Sources */,
				D8BFF36621BF13770067E9AB /* main.c in Sources */,
				D8BFF37521BF149E0067E9AB /* generatekey.c in Sources */,
				D8BFF37121BF149E0067E9AB /* encryptutil.c in Sources */,
				D8BFF37221BF149E0067E9AB /* main.c in Sources */,
				D8BFF37321BF149E0067E9AB /* generateplain.c in Sources */,
			);
			runOnlyForDeploymentPostprocessing = 0;
		};
/* End PBXSourcesBuildPhase section */

/* Begin XCBuildConfiguration section */
		D8BFF36721BF13770067E9AB /* Debug */ = {
			isa = XCBuildConfiguration;
			buildSettings = {
				ALWAYS_SEARCH_USER_PATHS = NO;
				CLANG_ANALYZER_NONNULL = YES;
				CLANG_ANALYZER_NUMBER_OBJECT_CONVERSION = YES_AGGRESSIVE;
				CLANG_CXX_LANGUAGE_STANDARD = "gnu++14";
				CLANG_CXX_LIBRARY = "libc++";
				CLANG_ENABLE_MODULES = YES;
				CLANG_ENABLE_OBJC_ARC = YES;
				CLANG_WARN_BLOCK_CAPTURE_AUTORELEASING = YES;
				CLANG_WARN_BOOL_CONVERSION = YES;
				CLANG_WARN_COMMA = YES;
				CLANG_WARN_CONSTANT_CONVERSION = YES;
				CLANG_WARN_DIRECT_OBJC_ISA_USAGE = YES_ERROR;
				CLANG_WARN_DOCUMENTATION_COMMENTS = YES;
				CLANG_WARN_EMPTY_BODY = YES;
				CLANG_WARN_ENUM_CONVERSION = YES;
				CLANG_WARN_INFINITE_RECURSION = YES;
				CLANG_WARN_INT_CONVERSION = YES;
				CLANG_WARN_NON_LITERAL_NULL_CONVERSION = YES;
				CLANG_WARN_OBJC_LITERAL_CONVERSION = YES;
				CLANG_WARN_OBJC_ROOT_CLASS = YES_ERROR;
				CLANG_WARN_RANGE_LOOP_ANALYSIS = YES;
				CLANG_WARN_STRICT_PROTOTYPES = YES;
				CLANG_WARN_SUSPICIOUS_MOVE = YES;
				CLANG_WARN_UNGUARDED_AVAILABILITY = YES_AGGRESSIVE;
				CLANG_WARN_UNREACHABLE_CODE = YES;
				CLANG_WARN__DUPLICATE_METHOD_MATCH = YES;
				CODE_SIGN_IDENTITY = "-";
				COPY_PHASE_STRIP = NO;
				DEBUG_INFORMATION_FORMAT = dwarf;
				ENABLE_STRICT_OBJC_MSGSEND = YES;
				ENABLE_TESTABILITY = YES;
				GCC_C_LANGUAGE_STANDARD = gnu11;
				GCC_DYNAMIC_NO_PIC = NO;
				GCC_NO_COMMON_BLOCKS = YES;
				GCC_OPTIMIZATION_LEVEL = 0;
				GCC_PREPROCESSOR_DEFINITIONS = (
					"DEBUG=1",
					"$(inherited)",
				);
				GCC_WARN_64_TO_32_BIT_CONVERSION = YES;
				GCC_WARN_ABOUT_RETURN_TYPE = YES_ERROR;
				GCC_WARN_UNDECLARED_SELECTOR = YES;
				GCC_WARN_UNINITIALIZED_AUTOS = YES_AGGRESSIVE;
				GCC_WARN_UNUSED_FUNCTION = YES;
				GCC_WARN_UNUSED_VARIABLE = YES;
				MACOSX_DEPLOYMENT_TARGET = 10.14;
				MTL_ENABLE_DEBUG_INFO = YES;
				ONLY_ACTIVE_ARCH = YES;
				SDKROOT = macosx;
			};
			name = Debug;
		};
		D8BFF36821BF13770067E9AB /* Release */ = {
			isa = XCBuildConfiguration;
			buildSettings = {
				ALWAYS_SEARCH_USER_PATHS = NO;
				CLANG_ANALYZER_NONNULL = YES;
				CLANG_ANALYZER_NUMBER_OBJECT_CONVERSION = YES_AGGRESSIVE;
				CLANG_CXX_LANGUAGE_STANDARD = "gnu++14";
				CLANG_CXX_LIBRARY = "libc++";
				CLANG_ENABLE_MODULES = YES;
				CLANG_ENABLE_OBJC_ARC = YES;
				CLANG_WARN_BLOCK_CAPTURE_AUTORELEASING = YES;
				CLANG_WARN_BOOL_CONVERSION = YES;
				CLANG_WARN_COMMA = YES;
				CLANG_WARN_CONSTANT_CONVERSION = YES;
				CLANG_WARN_DIRECT_OBJC_ISA_USAGE = YES_ERROR;
				CLANG_WARN_DOCUMENTATION_COMMENTS = YES;
				CLANG_WARN_EMPTY_BODY = YES;
				CLANG_WARN_ENUM_CONVERSION = YES;
				CLANG_WARN_INFINITE_RECURSION = YES;
				CLANG_WARN_INT_CONVERSION = YES;
				CLANG_WARN_NON_LITERAL_NULL_CONVERSION = YES;
				CLANG_WARN_OBJC_LITERAL_CONVERSION = YES;
				CLANG_WARN_OBJC_ROOT_CLASS = YES_ERROR;
				CLANG_WARN_RANGE_LOOP_ANALYSIS = YES;
				CLANG_WARN_STRICT_PROTOTYPES = YES;
				CLANG_WARN_SUSPICIOUS_MOVE = YES;
				CLANG_WARN_UNGUARDED_AVAILABILITY = YES_AGGRESSIVE;
				CLANG_WARN_UNREACHABLE_CODE = YES;
				CLANG_WARN__DUPLICATE_METHOD_MATCH = YES;
				CODE_SIGN_IDENTITY = "-";
				COPY_PHASE_STRIP = NO;
				DEBUG_INFORMATION_FORMAT = "dwarf-with-dsym";
				ENABLE_NS_ASSERTIONS = NO;
				ENABLE_STRICT_OBJC_MSGSEND = YES;
				GCC_C_LANGUAGE_STANDARD = gnu11;
				GCC_NO_COMMON_BLOCKS = YES;
				GCC_WARN_64_TO_32_BIT_CONVERSION = YES;
				GCC_WARN_ABOUT_RETURN_TYPE = YES_ERROR;
				GCC_WARN_UNDECLARED_SELECTOR = YES;
				GCC_WARN_UNINITIALIZED_AUTOS = YES_AGGRESSIVE;
				GCC_WARN_UNUSED_FUNCTION = YES;
				GCC_WARN_UNUSED_VARIABLE = YES;
				MACOSX_DEPLOYMENT_TARGET = 10.14;
				MTL_ENABLE_DEBUG_INFO = NO;
				SDKROOT = macosx;
			};
			name = Release;
		};
		D8BFF36A21BF13770067E9AB /* Debug */ = {
			isa = XCBuildConfiguration;
			buildSettings = {
				CODE_SIGN_STYLE = Automatic;
				PRODUCT_NAME = "$(TARGET_NAME)";
			};
			name = Debug;
		};
		D8BFF36B21BF13770067E9AB /* Release */ = {
			isa = XCBuildConfiguration;
			buildSettings = {
				CODE_SIGN_STYLE = Automatic;
				PRODUCT_NAME = "$(TARGET_NAME)";
			};
			name = Release;
		};
/* End XCBuildConfiguration section */

/* Begin XCConfigurationList section */
		D8BFF35D21BF13770067E9AB /* Build configuration list for PBXProject "other" */ = {
			isa = XCConfigurationList;
			buildConfigurations = (
				D8BFF36721BF13770067E9AB /* Debug */,
				D8BFF36821BF13770067E9AB /* Release */,
			);
			defaultConfigurationIsVisible = 0;
			defaultConfigurationName = Release;
		};
		D8BFF36921BF13770067E9AB /* Build configuration list for PBXNativeTarget "other" */ = {
			isa = XCConfigurationList;
			buildConfigurations = (
				D8BFF36A21BF13770067E9AB /* Debug */,
				D8BFF36B21BF13770067E9AB /* Release */,
			);
			defaultConfigurationIsVisible = 0;
			defaultConfigurationName = Release;
		};
/* End XCConfigurationList section */
	};
	rootObject = D8BFF35A21BF13770067E9AB /* Project object */;
}
